PODS:
  - Alamofire (4.7.3)
  - BottomSheetSwiftUI (2.8.0)
  - Differentiator (5.0.0)
  - EasyPeasy (1.8.0)
  - MGKeyboardAccessory (0.5):
    - MGKeyboardAccessory/Core (= 0.5)
  - MGKeyboardAccessory/Core (0.5)
  - MGSelector (0.2):
    - SnapKit (~> 5)
  - NVActivityIndicatorView (4.8.0):
    - NVActivityIndicatorView/Presenter (= 4.8.0)
  - NVActivityIndicatorView/Presenter (4.8.0)
  - Reusable (4.1.2):
    - Reusable/Storyboard (= 4.1.2)
    - Reusable/View (= 4.1.2)
  - Reusable/Storyboard (4.1.2)
  - Reusable/View (4.1.2)
  - RxAlertViewable (1.2):
    - RxCocoa (~> 6)
    - RxSwift (~> 6)
  - RxBinding (0.5):
    - RxCocoa (~> 6)
    - RxSwift (~> 6)
  - RxCocoa (6.5.0):
    - RxRelay (= 6.5.0)
    - RxSwift (= 6.5.0)
  - RxController (1.3):
    - RxCocoa (~> 6)
    - RxFlow (~> 2.12)
    - RxSwift (~> 6)
  - RxDataSources (5.0.0):
    - Differentiator (~> 5.0)
    - RxCocoa (~> 6.0)
    - RxSwift (~> 6.0)
  - RxDataSourcesSingleSection (0.3):
    - Reusable (~> 4)
    - RxCocoa (~> 6)
    - RxDataSources (~> 5)
    - RxSwift (~> 6)
  - RxFlow (2.13.0):
    - RxCocoa (>= 6.0.0)
    - RxSwift (>= 6.0.0)
  - RxKeyboard (2.0.0):
    - RxCocoa (~> 6.0)
    - RxSwift (~> 6.0)
  - RxRelay (6.5.0):
    - RxSwift (= 6.5.0)
  - RxSwift (6.5.0)
  - ScrollingStackViewController (6.0.0)
  - SnapKit (5.6.0)
  - StackScrollView (1.6.3)
  - SVProgressHUD (2.2.5)
  - SwiftyJSON (5.0.1)
  - SwipeBack (1.1.1)
  - WaveTab (1.1.0)

DEPENDENCIES:
  - Alamofire (= 4.7.3)
  - BottomSheetSwiftUI
  - EasyPeasy (= 1.8.0)
  - MGKeyboardAccessory (= 0.5)
  - MGSelector
  - NVActivityIndicatorView (= 4.8.0)
  - RxAlertViewable
  - RxBinding
  - RxCocoa
  - RxController
  - RxDataSourcesSingleSection
  - RxFlow
  - RxKeyboard
  - RxSwift
  - ScrollingStackViewController
  - StackScrollView
  - SVProgressHUD
  - SwiftyJSON
  - SwipeBack
  - WaveTab

SPEC REPOS:
  trunk:
    - Alamofire
    - BottomSheetSwiftUI
    - Differentiator
    - EasyPeasy
    - MGKeyboardAccessory
    - MGSelector
    - NVActivityIndicatorView
    - Reusable
    - RxAlertViewable
    - RxBinding
    - RxCocoa
    - RxController
    - RxDataSources
    - RxDataSourcesSingleSection
    - RxFlow
    - RxKeyboard
    - RxRelay
    - RxSwift
    - ScrollingStackViewController
    - SnapKit
    - StackScrollView
    - SVProgressHUD
    - SwiftyJSON
    - SwipeBack
    - WaveTab

SPEC CHECKSUMS:
  Alamofire: c7287b6e5d7da964a70935e5db17046b7fde6568
  BottomSheetSwiftUI: e7b24c6dc003ef8ca550438ca0aaf31624d11f1c
  Differentiator: e8497ceab83c1b10ca233716d547b9af21b9344d
  EasyPeasy: bfffe5d47bbaaef3e32888c250a196768484b43a
  MGKeyboardAccessory: a9f30a9c1fd158b1895aada9aab905a3c4b93581
  MGSelector: e6dd39fb0dac1a577d9644f7766579cf9b9b18ad
  NVActivityIndicatorView: d24b7ebcf80af5dcd994adb650e2b6c93379270f
  Reusable: 6bae6a5e8aa793c9c441db0213c863a64bce9136
  RxAlertViewable: 8b8b82e6c22b974813e67a79b0c3d500bb08b676
  RxBinding: e3c76d02d0ee3f1a306a0fb8e8ef6f2eda65a375
  RxCocoa: 94f817b71c07517321eb4f9ad299112ca8af743b
  RxController: 0dd505aff2189fd61a4fa2dd053f3049c6f480b5
  RxDataSources: aa47cc1ed6c500fa0dfecac5c979b723542d79cf
  RxDataSourcesSingleSection: e646e523ad92109293b22e745b55dcb38bea7a58
  RxFlow: 52f6f6379918392c1ea8cb62d8dcf2df9a5463dd
  RxKeyboard: 4f5863f43b4ff0cbb2a20b94688d6b80c8a43c14
  RxRelay: 1de1523e604c72b6c68feadedd1af3b1b4d0ecbd
  RxSwift: 5710a9e6b17f3c3d6e40d6e559b9fa1e813b2ef8
  ScrollingStackViewController: b2c7184197705db2681c6071c6c5aecdde73569b
  SnapKit: e01d52ebb8ddbc333eefe2132acf85c8227d9c25
  StackScrollView: bce3006ae335b9f75c1c229474d64be8039c7bde
  SVProgressHUD: 1428aafac632c1f86f62aa4243ec12008d7a51d6
  SwiftyJSON: 2f33a42c6fbc52764d96f13368585094bfd8aa5e
  SwipeBack: d6759601b40da1f4161033feb30ab475d7d04322
  WaveTab: ae1db4f50d09513107bfb223cdd06131eb9befd7

PODFILE CHECKSUM: 90e280977045650d3bd02a596fe900a7571d7db8

COCOAPODS: 1.11.3
